PODS:
  - Alamofire (5.6.2)
  - Flutter (1.0.0)
  - flutter_ar_image_tracking_f2n (0.0.1):
    - Alamofire
    - Flutter
    - Kingfisher
    - SnapKit
  - Kingfisher (6.3.1)
  - SnapKit (5.6.0)

DEPENDENCIES:
  - Flutter (from `Flutter`)
  - flutter_ar_image_tracking_f2n (from `.symlinks/plugins/flutter_ar_image_tracking_f2n/ios`)

SPEC REPOS:
  trunk:
    - Alamofire
    - Kingfisher
    - SnapKit

EXTERNAL SOURCES:
  Flutter:
    :path: Flutter
  flutter_ar_image_tracking_f2n:
    :path: ".symlinks/plugins/flutter_ar_image_tracking_f2n/ios"

SPEC CHECKSUMS:
  Alamofire: d368e1ff8a298e6dde360e35a3e68e6c610e7204
  Flutter: f04841e97a9d0b0a8025694d0796dd46242b2854
  flutter_ar_image_tracking_f2n: c2d23111a6150a1eb8ad36c45e6a77b92dc87001
  Kingfisher: 016c8b653a35add51dd34a3aba36b580041acc74
  SnapKit: e01d52ebb8ddbc333eefe2132acf85c8227d9c25

PODFILE CHECKSUM: ef19549a9bc3046e7bb7d2fab4d021637c0c58a3

COCOAPODS: 1.11.3
